
Microsoft Visual Studio Solution File, Format Version 12.00
# Visual Studio Version 17
VisualStudioVersion = 17.4.33213.308
MinimumVisualStudioVersion = 10.0.40219.1
Project("{FAE04EC0-301F-11D3-BF4B-00C04F79EFBC}") = "WinFormsApp4", "WinFormsApp4\WinFormsApp4.csproj", "{1D7E7EC7-8743-4ED0-A8F1-7C91702E87E7}"
EndProject
Global
	GlobalSection(SolutionConfigurationPlatforms) = preSolution
		Debug|Any CPU = Debug|Any CPU
		Release|Any CPU = Release|Any CPU
	EndGlobalSection
	GlobalSection(ProjectConfigurationPlatforms) = postSolution
		{1D7E7EC7-8743-4ED0-A8F1-7C91702E87E7}.Debug|Any CPU.ActiveCfg = Debug|Any CPU
		{1D7E7EC7-8743-4ED0-A8F1-7C91702E87E7}.Debug|Any CPU.Build.0 = Debug|Any CPU
		{1D7E7EC7-8743-4ED0-A8F1-7C91702E87E7}.Release|Any CPU.ActiveCfg = Release|Any CPU
		{1D7E7EC7-8743-4ED0-A8F1-7C91702E87E7}.Release|Any CPU.Build.0 = Release|Any CPU
	EndGlobalSection
	GlobalSection(SolutionProperties) = preSolution
		HideSolutionNode = FALSE
	EndGlobalSection
	GlobalSection(ExtensibilityGlobals) = postSolution
		SolutionGuid = {782A039B-33BD-45FA-9C28-A6E6D4C8CC00}
	EndGlobalSection
EndGlobal
